# This is a Gradle generated file for dependency locking.
# Manual edits can break the build and are not advised.
# This file is expected to be part of source control.
# To regenerate this file, run: ./gradlew :nui-libgdx:dependencies --write-locks
com.android.support:support-annotations:28.0.0=runtimeClasspath,testRuntimeClasspath
com.badlogicgames.gdx:gdx-jnigen-loader:2.3.1=compileClasspath,runtimeClasspath,testCompileClasspath,testRuntimeClasspath
com.badlogicgames.gdx:gdx:1.12.1=compileClasspath,runtimeClasspath,testCompileClasspath,testRuntimeClasspath
com.github.zafarkhaja:java-semver:0.10.2=runtimeClasspath,testRuntimeClasspath
com.google.code.findbugs:annotations:2.0.1=runtimeClasspath,testRuntimeClasspath
com.google.code.findbugs:jsr305:3.0.2=runtimeClasspath,testRuntimeClasspath
com.google.code.gson:gson:2.8.5=runtimeClasspath,testRuntimeClasspath
com.google.errorprone:error_prone_annotations:2.2.0=runtimeClasspath,testRuntimeClasspath
com.google.guava:failureaccess:1.0.1=runtimeClasspath,testRuntimeClasspath
com.google.guava:guava:27.0.1-android=runtimeClasspath,testRuntimeClasspath
com.google.guava:listenablefuture:9999.0-empty-to-avoid-conflict-with-guava=runtimeClasspath,testRuntimeClasspath
com.google.j2objc:j2objc-annotations:1.1=runtimeClasspath,testRuntimeClasspath
com.googlecode.gentyref:gentyref:1.2.0=runtimeClasspath,testRuntimeClasspath
com.miglayout:miglayout-core:5.0=compileClasspath,runtimeClasspath,testCompileClasspath,testRuntimeClasspath
commons-logging:commons-logging:1.2=runtimeClasspath,testRuntimeClasspath
javax.inject:javax.inject:1=compileClasspath,runtimeClasspath,testCompileClasspath,testRuntimeClasspath
net.jcip:jcip-annotations:1.0=compileClasspath,runtimeClasspath,testCompileClasspath,testRuntimeClasspath
org.abego.treelayout:org.abego.treelayout.core:1.0.3=compileClasspath,runtimeClasspath,testCompileClasspath,testRuntimeClasspath
org.apache.commons:commons-vfs2:2.2=runtimeClasspath,testRuntimeClasspath
org.checkerframework:checker-compat-qual:2.5.2=runtimeClasspath,testRuntimeClasspath
org.codehaus.mojo:animal-sniffer-annotations:1.17=runtimeClasspath,testRuntimeClasspath
org.javassist:javassist:3.27.0-GA=runtimeClasspath,testRuntimeClasspath
org.joml:joml:1.10.0=compileClasspath,runtimeClasspath,testCompileClasspath,testRuntimeClasspath
org.reflections:reflections:0.9.10=runtimeClasspath,testRuntimeClasspath
org.slf4j:slf4j-api:1.7.30=runtimeClasspath,testRuntimeClasspath
org.terasology.gestalt:gestalt-asset-core:8.0.0-SNAPSHOT=compileClasspath,runtimeClasspath,testCompileClasspath,testRuntimeClasspath
org.terasology.gestalt:gestalt-di:8.0.0-SNAPSHOT=compileClasspath,runtimeClasspath,testCompileClasspath,testRuntimeClasspath
org.terasology.gestalt:gestalt-inject:8.0.0-SNAPSHOT=compileClasspath,runtimeClasspath,testCompileClasspath,testRuntimeClasspath
org.terasology.gestalt:gestalt-module:8.0.0-SNAPSHOT=compileClasspath,runtimeClasspath,testCompileClasspath,testRuntimeClasspath
org.terasology.gestalt:gestalt-util:8.0.0-SNAPSHOT=runtimeClasspath,testRuntimeClasspath
org.terasology.joml-ext:joml-geometry:0.1.0=compileClasspath,runtimeClasspath,testCompileClasspath,testRuntimeClasspath
empty=annotationProcessor,testAnnotationProcessor
